
Microsoft Visual Studio Solution File, Format Version 12.00
# Visual Studio Version 16
VisualStudioVersion = 16.6.30114.105
MinimumVisualStudioVersion = 10.0.40219.1
Project("{2150E333-8FDC-42A3-9474-1A3956D46DE8}") = "src", "src", "{C1473A95-930B-4866-B37C-0827B9504C7A}"
EndProject
Project("{2150E333-8FDC-42A3-9474-1A3956D46DE8}") = "Compilers", "Compilers", "{CD86E4C3-FA6A-4679-A816-BEFEF8E85D95}"
EndProject
Project("{9A19103F-16F7-4668-BE54-9A1E7A4F7556}") = "Loretta.CodeAnalysis", "src\Compilers\Core\Loretta.CodeAnalysis.csproj", "{40D2D1F4-934C-42CE-B151-2EBFA92078BD}"
EndProject
Project("{2150E333-8FDC-42A3-9474-1A3956D46DE8}") = "Lua", "Lua", "{CC384471-5F5D-43C1-A954-6846D2EAB188}"
EndProject
Project("{9A19103F-16F7-4668-BE54-9A1E7A4F7556}") = "Loretta.CodeAnalysis.Lua", "src\Compilers\Lua\Portable\Loretta.CodeAnalysis.Lua.csproj", "{26D431D6-4425-4EAA-8AE5-657663F8F68E}"
EndProject
Project("{9A19103F-16F7-4668-BE54-9A1E7A4F7556}") = "Loretta.CLI", "src\Compilers\Lua\CommandLine\Loretta.CLI.csproj", "{861BBCF0-CDF0-43D9-B588-5785461C3CA8}"
EndProject
Project("{9A19103F-16F7-4668-BE54-9A1E7A4F7556}") = "Loretta.LanguageServer", "src\Compilers\Lua\LanguageServer\Loretta.LanguageServer.csproj", "{684E3A45-93AC-49E1-AB23-4F0DC596CD3F}"
EndProject
Project("{9A19103F-16F7-4668-BE54-9A1E7A4F7556}") = "Loretta.InternalBenchmarks", "src\InternalBenchmarks\Loretta.InternalBenchmarks.csproj", "{FAC74570-66DB-4CAC-8738-BFEC8003ED91}"
EndProject
Project("{2150E333-8FDC-42A3-9474-1A3956D46DE8}") = "Tools", "Tools", "{7C2F7C88-DA28-4D94-B1B3-7836B98C401A}"
EndProject
Project("{9A19103F-16F7-4668-BE54-9A1E7A4F7556}") = "Loretta.Generators", "src\Tools\SourceGenerators\Loretta.Generators.csproj", "{514BBD31-ABC0-4672-96CC-D52CD7B1CD9D}"
EndProject
Project("{2150E333-8FDC-42A3-9474-1A3956D46DE8}") = "Solution Items", "Solution Items", "{B60FD0C0-B450-4570-8F4B-D089C108CADB}"
	ProjectSection(SolutionItems) = preProject
		.editorconfig = .editorconfig
		.gitignore = .gitignore
		LICENSE.txt = LICENSE.txt
		nuget.config = nuget.config
		README.md = README.md
		THIRD-PARTY-NOTICES.txt = THIRD-PARTY-NOTICES.txt
	EndProjectSection
EndProject
Project("{9A19103F-16F7-4668-BE54-9A1E7A4F7556}") = "Loretta.CodeAnalysis.Test.Utilities", "src\Compilers\Test\Core\Loretta.CodeAnalysis.Test.Utilities.csproj", "{8218C874-1285-414D-A995-8F54538FAF48}"
EndProject
Project("{9A19103F-16F7-4668-BE54-9A1E7A4F7556}") = "Loretta.CodeAnalysis.Lua.Syntax.UnitTests", "src\Compilers\Test\Lua\Syntax\Loretta.CodeAnalysis.Lua.Syntax.UnitTests.csproj", "{B6800AC6-581F-429A-9D49-149B02A88273}"
EndProject
Project("{2150E333-8FDC-42A3-9474-1A3956D46DE8}") = "Core", "Core", "{3DF7B059-4DCD-41C8-9EE6-FD42DCD952F5}"
EndProject
Global
	GlobalSection(SolutionConfigurationPlatforms) = preSolution
		Debug|Any CPU = Debug|Any CPU
		Debug|x64 = Debug|x64
		Debug|x86 = Debug|x86
		Release|Any CPU = Release|Any CPU
		Release|x64 = Release|x64
		Release|x86 = Release|x86
	EndGlobalSection
	GlobalSection(ProjectConfigurationPlatforms) = postSolution
		{40D2D1F4-934C-42CE-B151-2EBFA92078BD}.Debug|Any CPU.ActiveCfg = Debug|Any CPU
		{40D2D1F4-934C-42CE-B151-2EBFA92078BD}.Debug|Any CPU.Build.0 = Debug|Any CPU
		{40D2D1F4-934C-42CE-B151-2EBFA92078BD}.Debug|x64.ActiveCfg = Debug|Any CPU
		{40D2D1F4-934C-42CE-B151-2EBFA92078BD}.Debug|x64.Build.0 = Debug|Any CPU
		{40D2D1F4-934C-42CE-B151-2EBFA92078BD}.Debug|x86.ActiveCfg = Debug|Any CPU
		{40D2D1F4-934C-42CE-B151-2EBFA92078BD}.Debug|x86.Build.0 = Debug|Any CPU
		{40D2D1F4-934C-42CE-B151-2EBFA92078BD}.Release|Any CPU.ActiveCfg = Release|Any CPU
		{40D2D1F4-934C-42CE-B151-2EBFA92078BD}.Release|Any CPU.Build.0 = Release|Any CPU
		{40D2D1F4-934C-42CE-B151-2EBFA92078BD}.Release|x64.ActiveCfg = Release|Any CPU
		{40D2D1F4-934C-42CE-B151-2EBFA92078BD}.Release|x64.Build.0 = Release|Any CPU
		{40D2D1F4-934C-42CE-B151-2EBFA92078BD}.Release|x86.ActiveCfg = Release|Any CPU
		{40D2D1F4-934C-42CE-B151-2EBFA92078BD}.Release|x86.Build.0 = Release|Any CPU
		{26D431D6-4425-4EAA-8AE5-657663F8F68E}.Debug|Any CPU.ActiveCfg = Debug|Any CPU
		{26D431D6-4425-4EAA-8AE5-657663F8F68E}.Debug|Any CPU.Build.0 = Debug|Any CPU
		{26D431D6-4425-4EAA-8AE5-657663F8F68E}.Debug|x64.ActiveCfg = Debug|Any CPU
		{26D431D6-4425-4EAA-8AE5-657663F8F68E}.Debug|x64.Build.0 = Debug|Any CPU
		{26D431D6-4425-4EAA-8AE5-657663F8F68E}.Debug|x86.ActiveCfg = Debug|Any CPU
		{26D431D6-4425-4EAA-8AE5-657663F8F68E}.Debug|x86.Build.0 = Debug|Any CPU
		{26D431D6-4425-4EAA-8AE5-657663F8F68E}.Release|Any CPU.ActiveCfg = Release|Any CPU
		{26D431D6-4425-4EAA-8AE5-657663F8F68E}.Release|Any CPU.Build.0 = Release|Any CPU
		{26D431D6-4425-4EAA-8AE5-657663F8F68E}.Release|x64.ActiveCfg = Release|Any CPU
		{26D431D6-4425-4EAA-8AE5-657663F8F68E}.Release|x64.Build.0 = Release|Any CPU
		{26D431D6-4425-4EAA-8AE5-657663F8F68E}.Release|x86.ActiveCfg = Release|Any CPU
		{26D431D6-4425-4EAA-8AE5-657663F8F68E}.Release|x86.Build.0 = Release|Any CPU
		{861BBCF0-CDF0-43D9-B588-5785461C3CA8}.Debug|Any CPU.ActiveCfg = Debug|Any CPU
		{861BBCF0-CDF0-43D9-B588-5785461C3CA8}.Debug|Any CPU.Build.0 = Debug|Any CPU
		{861BBCF0-CDF0-43D9-B588-5785461C3CA8}.Debug|x64.ActiveCfg = Debug|Any CPU
		{861BBCF0-CDF0-43D9-B588-5785461C3CA8}.Debug|x64.Build.0 = Debug|Any CPU
		{861BBCF0-CDF0-43D9-B588-5785461C3CA8}.Debug|x86.ActiveCfg = Debug|Any CPU
		{861BBCF0-CDF0-43D9-B588-5785461C3CA8}.Debug|x86.Build.0 = Debug|Any CPU
		{861BBCF0-CDF0-43D9-B588-5785461C3CA8}.Release|Any CPU.ActiveCfg = Release|Any CPU
		{861BBCF0-CDF0-43D9-B588-5785461C3CA8}.Release|Any CPU.Build.0 = Release|Any CPU
		{861BBCF0-CDF0-43D9-B588-5785461C3CA8}.Release|x64.ActiveCfg = Release|Any CPU
		{861BBCF0-CDF0-43D9-B588-5785461C3CA8}.Release|x64.Build.0 = Release|Any CPU
		{861BBCF0-CDF0-43D9-B588-5785461C3CA8}.Release|x86.ActiveCfg = Release|Any CPU
		{861BBCF0-CDF0-43D9-B588-5785461C3CA8}.Release|x86.Build.0 = Release|Any CPU
		{684E3A45-93AC-49E1-AB23-4F0DC596CD3F}.Debug|Any CPU.ActiveCfg = Debug|Any CPU
		{684E3A45-93AC-49E1-AB23-4F0DC596CD3F}.Debug|Any CPU.Build.0 = Debug|Any CPU
		{684E3A45-93AC-49E1-AB23-4F0DC596CD3F}.Debug|x64.ActiveCfg = Debug|Any CPU
		{684E3A45-93AC-49E1-AB23-4F0DC596CD3F}.Debug|x64.Build.0 = Debug|Any CPU
		{684E3A45-93AC-49E1-AB23-4F0DC596CD3F}.Debug|x86.ActiveCfg = Debug|Any CPU
		{684E3A45-93AC-49E1-AB23-4F0DC596CD3F}.Debug|x86.Build.0 = Debug|Any CPU
		{684E3A45-93AC-49E1-AB23-4F0DC596CD3F}.Release|Any CPU.ActiveCfg = Release|Any CPU
		{684E3A45-93AC-49E1-AB23-4F0DC596CD3F}.Release|Any CPU.Build.0 = Release|Any CPU
		{684E3A45-93AC-49E1-AB23-4F0DC596CD3F}.Release|x64.ActiveCfg = Release|Any CPU
		{684E3A45-93AC-49E1-AB23-4F0DC596CD3F}.Release|x64.Build.0 = Release|Any CPU
		{684E3A45-93AC-49E1-AB23-4F0DC596CD3F}.Release|x86.ActiveCfg = Release|Any CPU
		{684E3A45-93AC-49E1-AB23-4F0DC596CD3F}.Release|x86.Build.0 = Release|Any CPU
		{FAC74570-66DB-4CAC-8738-BFEC8003ED91}.Debug|Any CPU.ActiveCfg = Debug|Any CPU
		{FAC74570-66DB-4CAC-8738-BFEC8003ED91}.Debug|Any CPU.Build.0 = Debug|Any CPU
		{FAC74570-66DB-4CAC-8738-BFEC8003ED91}.Debug|x64.ActiveCfg = Debug|Any CPU
		{FAC74570-66DB-4CAC-8738-BFEC8003ED91}.Debug|x64.Build.0 = Debug|Any CPU
		{FAC74570-66DB-4CAC-8738-BFEC8003ED91}.Debug|x86.ActiveCfg = Debug|Any CPU
		{FAC74570-66DB-4CAC-8738-BFEC8003ED91}.Debug|x86.Build.0 = Debug|Any CPU
		{FAC74570-66DB-4CAC-8738-BFEC8003ED91}.Release|Any CPU.ActiveCfg = Release|Any CPU
		{FAC74570-66DB-4CAC-8738-BFEC8003ED91}.Release|Any CPU.Build.0 = Release|Any CPU
		{FAC74570-66DB-4CAC-8738-BFEC8003ED91}.Release|x64.ActiveCfg = Release|Any CPU
		{FAC74570-66DB-4CAC-8738-BFEC8003ED91}.Release|x64.Build.0 = Release|Any CPU
		{FAC74570-66DB-4CAC-8738-BFEC8003ED91}.Release|x86.ActiveCfg = Release|Any CPU
		{FAC74570-66DB-4CAC-8738-BFEC8003ED91}.Release|x86.Build.0 = Release|Any CPU
		{514BBD31-ABC0-4672-96CC-D52CD7B1CD9D}.Debug|Any CPU.ActiveCfg = Debug|Any CPU
		{514BBD31-ABC0-4672-96CC-D52CD7B1CD9D}.Debug|Any CPU.Build.0 = Debug|Any CPU
		{514BBD31-ABC0-4672-96CC-D52CD7B1CD9D}.Debug|x64.ActiveCfg = Debug|Any CPU
		{514BBD31-ABC0-4672-96CC-D52CD7B1CD9D}.Debug|x64.Build.0 = Debug|Any CPU
		{514BBD31-ABC0-4672-96CC-D52CD7B1CD9D}.Debug|x86.ActiveCfg = Debug|Any CPU
		{514BBD31-ABC0-4672-96CC-D52CD7B1CD9D}.Debug|x86.Build.0 = Debug|Any CPU
		{514BBD31-ABC0-4672-96CC-D52CD7B1CD9D}.Release|Any CPU.ActiveCfg = Release|Any CPU
		{514BBD31-ABC0-4672-96CC-D52CD7B1CD9D}.Release|Any CPU.Build.0 = Release|Any CPU
		{514BBD31-ABC0-4672-96CC-D52CD7B1CD9D}.Release|x64.ActiveCfg = Release|Any CPU
		{514BBD31-ABC0-4672-96CC-D52CD7B1CD9D}.Release|x64.Build.0 = Release|Any CPU
		{514BBD31-ABC0-4672-96CC-D52CD7B1CD9D}.Release|x86.ActiveCfg = Release|Any CPU
		{514BBD31-ABC0-4672-96CC-D52CD7B1CD9D}.Release|x86.Build.0 = Release|Any CPU
		{8218C874-1285-414D-A995-8F54538FAF48}.Debug|Any CPU.ActiveCfg = Debug|Any CPU
		{8218C874-1285-414D-A995-8F54538FAF48}.Debug|Any CPU.Build.0 = Debug|Any CPU
		{8218C874-1285-414D-A995-8F54538FAF48}.Debug|x64.ActiveCfg = Debug|Any CPU
		{8218C874-1285-414D-A995-8F54538FAF48}.Debug|x64.Build.0 = Debug|Any CPU
		{8218C874-1285-414D-A995-8F54538FAF48}.Debug|x86.ActiveCfg = Debug|Any CPU
		{8218C874-1285-414D-A995-8F54538FAF48}.Debug|x86.Build.0 = Debug|Any CPU
		{8218C874-1285-414D-A995-8F54538FAF48}.Release|Any CPU.ActiveCfg = Release|Any CPU
		{8218C874-1285-414D-A995-8F54538FAF48}.Release|Any CPU.Build.0 = Release|Any CPU
		{8218C874-1285-414D-A995-8F54538FAF48}.Release|x64.ActiveCfg = Release|Any CPU
		{8218C874-1285-414D-A995-8F54538FAF48}.Release|x64.Build.0 = Release|Any CPU
		{8218C874-1285-414D-A995-8F54538FAF48}.Release|x86.ActiveCfg = Release|Any CPU
		{8218C874-1285-414D-A995-8F54538FAF48}.Release|x86.Build.0 = Release|Any CPU
		{B6800AC6-581F-429A-9D49-149B02A88273}.Debug|Any CPU.ActiveCfg = Debug|Any CPU
		{B6800AC6-581F-429A-9D49-149B02A88273}.Debug|Any CPU.Build.0 = Debug|Any CPU
		{B6800AC6-581F-429A-9D49-149B02A88273}.Debug|x64.ActiveCfg = Debug|Any CPU
		{B6800AC6-581F-429A-9D49-149B02A88273}.Debug|x64.Build.0 = Debug|Any CPU
		{B6800AC6-581F-429A-9D49-149B02A88273}.Debug|x86.ActiveCfg = Debug|Any CPU
		{B6800AC6-581F-429A-9D49-149B02A88273}.Debug|x86.Build.0 = Debug|Any CPU
		{B6800AC6-581F-429A-9D49-149B02A88273}.Release|Any CPU.ActiveCfg = Release|Any CPU
		{B6800AC6-581F-429A-9D49-149B02A88273}.Release|Any CPU.Build.0 = Release|Any CPU
		{B6800AC6-581F-429A-9D49-149B02A88273}.Release|x64.ActiveCfg = Release|Any CPU
		{B6800AC6-581F-429A-9D49-149B02A88273}.Release|x64.Build.0 = Release|Any CPU
		{B6800AC6-581F-429A-9D49-149B02A88273}.Release|x86.ActiveCfg = Release|Any CPU
		{B6800AC6-581F-429A-9D49-149B02A88273}.Release|x86.Build.0 = Release|Any CPU
	EndGlobalSection
	GlobalSection(SolutionProperties) = preSolution
		HideSolutionNode = FALSE
	EndGlobalSection
	GlobalSection(NestedProjects) = preSolution
		{CD86E4C3-FA6A-4679-A816-BEFEF8E85D95} = {C1473A95-930B-4866-B37C-0827B9504C7A}
		{40D2D1F4-934C-42CE-B151-2EBFA92078BD} = {3DF7B059-4DCD-41C8-9EE6-FD42DCD952F5}
		{CC384471-5F5D-43C1-A954-6846D2EAB188} = {CD86E4C3-FA6A-4679-A816-BEFEF8E85D95}
		{26D431D6-4425-4EAA-8AE5-657663F8F68E} = {CC384471-5F5D-43C1-A954-6846D2EAB188}
		{861BBCF0-CDF0-43D9-B588-5785461C3CA8} = {CC384471-5F5D-43C1-A954-6846D2EAB188}
		{684E3A45-93AC-49E1-AB23-4F0DC596CD3F} = {CC384471-5F5D-43C1-A954-6846D2EAB188}
		{FAC74570-66DB-4CAC-8738-BFEC8003ED91} = {C1473A95-930B-4866-B37C-0827B9504C7A}
		{7C2F7C88-DA28-4D94-B1B3-7836B98C401A} = {C1473A95-930B-4866-B37C-0827B9504C7A}
		{514BBD31-ABC0-4672-96CC-D52CD7B1CD9D} = {7C2F7C88-DA28-4D94-B1B3-7836B98C401A}
		{8218C874-1285-414D-A995-8F54538FAF48} = {3DF7B059-4DCD-41C8-9EE6-FD42DCD952F5}
		{B6800AC6-581F-429A-9D49-149B02A88273} = {CC384471-5F5D-43C1-A954-6846D2EAB188}
		{3DF7B059-4DCD-41C8-9EE6-FD42DCD952F5} = {CD86E4C3-FA6A-4679-A816-BEFEF8E85D95}
	EndGlobalSection
	GlobalSection(ExtensibilityGlobals) = postSolution
		SolutionGuid = {FC75875E-6965-4700-8230-C80B0CAF177A}
	EndGlobalSection
EndGlobal
