Microsoft Visual Studio Solution File, Format Version 12.00
# Visual Studio 15
VisualStudioVersion = 15.0.27130.2027
MinimumVisualStudioVersion = 15.0.26124.0
Project("{9A19103F-16F7-4668-BE54-9A1E7A4F7556}") = "GParse.Lexing", "..\GParse\GParse.Lexing\GParse.Lexing.csproj", "{70FC065D-300A-4F11-A1D0-304F11424B38}"
EndProject
Project("{9A19103F-16F7-4668-BE54-9A1E7A4F7556}") = "GParse.Parsing", "..\GParse\GParse.Parsing\GParse.Parsing.csproj", "{58437AB3-5572-48B1-8B8F-67E78A46B2C2}"
EndProject
Project("{9A19103F-16F7-4668-BE54-9A1E7A4F7556}") = "Loretta.CLI", "Loretta.CLI\Loretta.CLI.csproj", "{DACA5793-9400-411C-A29E-BCF8A60CEE70}"
EndProject
Project("{2150E333-8FDC-42A3-9474-1A3956D46DE8}") = "GParse", "GParse", "{19BF94B4-887E-4204-98B6-3F40C4973322}"
EndProject
Project("{2150E333-8FDC-42A3-9474-1A3956D46DE8}") = "Solution Items", "Solution Items", "{0D9F204F-887E-411A-8D5E-D2FEB3143B09}"
	ProjectSection(SolutionItems) = preProject
		.gitattributes = .gitattributes
		.gitignore = .gitignore
		GenLUT.py = GenLUT.py
		list.cs = list.cs
		README.md = README.md
	EndProjectSection
EndProject
Project("{9A19103F-16F7-4668-BE54-9A1E7A4F7556}") = "Loretta", "Loretta\Loretta.csproj", "{B4A796B9-DB41-4147-A139-3DFDCD6219F4}"
EndProject
Global
	GlobalSection(SolutionConfigurationPlatforms) = preSolution
		Debug|Any CPU = Debug|Any CPU
		Debug|x64 = Debug|x64
		Debug|x86 = Debug|x86
		Release|Any CPU = Release|Any CPU
		Release|x64 = Release|x64
		Release|x86 = Release|x86
	EndGlobalSection
	GlobalSection(ProjectConfigurationPlatforms) = postSolution
		{70FC065D-300A-4F11-A1D0-304F11424B38}.Debug|Any CPU.ActiveCfg = Debug|Any CPU
		{70FC065D-300A-4F11-A1D0-304F11424B38}.Debug|Any CPU.Build.0 = Debug|Any CPU
		{70FC065D-300A-4F11-A1D0-304F11424B38}.Debug|x64.ActiveCfg = Debug|Any CPU
		{70FC065D-300A-4F11-A1D0-304F11424B38}.Debug|x64.Build.0 = Debug|Any CPU
		{70FC065D-300A-4F11-A1D0-304F11424B38}.Debug|x86.ActiveCfg = Debug|Any CPU
		{70FC065D-300A-4F11-A1D0-304F11424B38}.Debug|x86.Build.0 = Debug|Any CPU
		{70FC065D-300A-4F11-A1D0-304F11424B38}.Release|Any CPU.ActiveCfg = Release|Any CPU
		{70FC065D-300A-4F11-A1D0-304F11424B38}.Release|Any CPU.Build.0 = Release|Any CPU
		{70FC065D-300A-4F11-A1D0-304F11424B38}.Release|x64.ActiveCfg = Release|Any CPU
		{70FC065D-300A-4F11-A1D0-304F11424B38}.Release|x64.Build.0 = Release|Any CPU
		{70FC065D-300A-4F11-A1D0-304F11424B38}.Release|x86.ActiveCfg = Release|Any CPU
		{70FC065D-300A-4F11-A1D0-304F11424B38}.Release|x86.Build.0 = Release|Any CPU
		{58437AB3-5572-48B1-8B8F-67E78A46B2C2}.Debug|Any CPU.ActiveCfg = Debug|Any CPU
		{58437AB3-5572-48B1-8B8F-67E78A46B2C2}.Debug|Any CPU.Build.0 = Debug|Any CPU
		{58437AB3-5572-48B1-8B8F-67E78A46B2C2}.Debug|x64.ActiveCfg = Debug|Any CPU
		{58437AB3-5572-48B1-8B8F-67E78A46B2C2}.Debug|x64.Build.0 = Debug|Any CPU
		{58437AB3-5572-48B1-8B8F-67E78A46B2C2}.Debug|x86.ActiveCfg = Debug|Any CPU
		{58437AB3-5572-48B1-8B8F-67E78A46B2C2}.Debug|x86.Build.0 = Debug|Any CPU
		{58437AB3-5572-48B1-8B8F-67E78A46B2C2}.Release|Any CPU.ActiveCfg = Release|Any CPU
		{58437AB3-5572-48B1-8B8F-67E78A46B2C2}.Release|Any CPU.Build.0 = Release|Any CPU
		{58437AB3-5572-48B1-8B8F-67E78A46B2C2}.Release|x64.ActiveCfg = Release|Any CPU
		{58437AB3-5572-48B1-8B8F-67E78A46B2C2}.Release|x64.Build.0 = Release|Any CPU
		{58437AB3-5572-48B1-8B8F-67E78A46B2C2}.Release|x86.ActiveCfg = Release|Any CPU
		{58437AB3-5572-48B1-8B8F-67E78A46B2C2}.Release|x86.Build.0 = Release|Any CPU
		{DACA5793-9400-411C-A29E-BCF8A60CEE70}.Debug|Any CPU.ActiveCfg = Debug|Any CPU
		{DACA5793-9400-411C-A29E-BCF8A60CEE70}.Debug|Any CPU.Build.0 = Debug|Any CPU
		{DACA5793-9400-411C-A29E-BCF8A60CEE70}.Debug|x64.ActiveCfg = Debug|Any CPU
		{DACA5793-9400-411C-A29E-BCF8A60CEE70}.Debug|x64.Build.0 = Debug|Any CPU
		{DACA5793-9400-411C-A29E-BCF8A60CEE70}.Debug|x86.ActiveCfg = Debug|Any CPU
		{DACA5793-9400-411C-A29E-BCF8A60CEE70}.Debug|x86.Build.0 = Debug|Any CPU
		{DACA5793-9400-411C-A29E-BCF8A60CEE70}.Release|Any CPU.ActiveCfg = Release|Any CPU
		{DACA5793-9400-411C-A29E-BCF8A60CEE70}.Release|Any CPU.Build.0 = Release|Any CPU
		{DACA5793-9400-411C-A29E-BCF8A60CEE70}.Release|x64.ActiveCfg = Release|Any CPU
		{DACA5793-9400-411C-A29E-BCF8A60CEE70}.Release|x64.Build.0 = Release|Any CPU
		{DACA5793-9400-411C-A29E-BCF8A60CEE70}.Release|x86.ActiveCfg = Release|Any CPU
		{DACA5793-9400-411C-A29E-BCF8A60CEE70}.Release|x86.Build.0 = Release|Any CPU
		{B4A796B9-DB41-4147-A139-3DFDCD6219F4}.Debug|Any CPU.ActiveCfg = Debug|Any CPU
		{B4A796B9-DB41-4147-A139-3DFDCD6219F4}.Debug|Any CPU.Build.0 = Debug|Any CPU
		{B4A796B9-DB41-4147-A139-3DFDCD6219F4}.Debug|x64.ActiveCfg = Debug|Any CPU
		{B4A796B9-DB41-4147-A139-3DFDCD6219F4}.Debug|x64.Build.0 = Debug|Any CPU
		{B4A796B9-DB41-4147-A139-3DFDCD6219F4}.Debug|x86.ActiveCfg = Debug|Any CPU
		{B4A796B9-DB41-4147-A139-3DFDCD6219F4}.Debug|x86.Build.0 = Debug|Any CPU
		{B4A796B9-DB41-4147-A139-3DFDCD6219F4}.Release|Any CPU.ActiveCfg = Release|Any CPU
		{B4A796B9-DB41-4147-A139-3DFDCD6219F4}.Release|Any CPU.Build.0 = Release|Any CPU
		{B4A796B9-DB41-4147-A139-3DFDCD6219F4}.Release|x64.ActiveCfg = Release|Any CPU
		{B4A796B9-DB41-4147-A139-3DFDCD6219F4}.Release|x64.Build.0 = Release|Any CPU
		{B4A796B9-DB41-4147-A139-3DFDCD6219F4}.Release|x86.ActiveCfg = Release|Any CPU
		{B4A796B9-DB41-4147-A139-3DFDCD6219F4}.Release|x86.Build.0 = Release|Any CPU
	EndGlobalSection
	GlobalSection(SolutionProperties) = preSolution
		HideSolutionNode = FALSE
	EndGlobalSection
	GlobalSection(NestedProjects) = preSolution
		{70FC065D-300A-4F11-A1D0-304F11424B38} = {19BF94B4-887E-4204-98B6-3F40C4973322}
		{58437AB3-5572-48B1-8B8F-67E78A46B2C2} = {19BF94B4-887E-4204-98B6-3F40C4973322}
	EndGlobalSection
	GlobalSection(ExtensibilityGlobals) = postSolution
		SolutionGuid = {8E7DDA47-378F-44D3-AA27-2D9CA3AA9F73}
	EndGlobalSection
EndGlobal
